
Microsoft Visual Studio Solution File, Format Version 12.00
Project("{FAE04EC0-301F-11D3-BF4B-00C04F79EFBC}") = "ippt.dem.mesh", "ippt.dem.mesh\ippt.dem.mesh.csproj", "{89BE69A4-EC0B-4C74-BDFC-57C055E683F7}"
EndProject
Global
	GlobalSection(SolutionConfigurationPlatforms) = preSolution
		Debug|Any CPU = Debug|Any CPU
		Release|Any CPU = Release|Any CPU
	EndGlobalSection
	GlobalSection(ProjectConfigurationPlatforms) = postSolution
		{89BE69A4-EC0B-4C74-BDFC-57C055E683F7}.Debug|Any CPU.ActiveCfg = Debug|Any CPU
		{89BE69A4-EC0B-4C74-BDFC-57C055E683F7}.Debug|Any CPU.Build.0 = Debug|Any CPU
		{89BE69A4-EC0B-4C74-BDFC-57C055E683F7}.Release|Any CPU.ActiveCfg = Release|Any CPU
		{89BE69A4-EC0B-4C74-BDFC-57C055E683F7}.Release|Any CPU.Build.0 = Release|Any CPU
	EndGlobalSection
EndGlobal
